# THIS IS AN AUTOGENERATED FILE. DO NOT EDIT THIS FILE DIRECTLY.
# yarn lockfile v1


"@babel/code-frame@^7.0.0":
  version "7.5.5"
  resolved "https://spring.jfrog.io/spring/api/npm/npm-red/@babel/code-frame/-/code-frame-7.5.5.tgz#bc0782f6d69f7b7d49531219699b988f669a8f9d"
  integrity sha1-vAeC9tafe31JUxIZaZuYj2aaj50=
  dependencies:
    "@babel/highlight" "^7.0.0"

"@babel/highlight@^7.0.0":
  version "7.5.0"
  resolved "https://spring.jfrog.io/spring/api/npm/npm-red/@babel/highlight/-/highlight-7.5.0.tgz#56d11312bd9248fa619591d02472be6e8cb32540"
  integrity sha1-VtETEr2SSPphlZHQJHK+boyzJUA=
  dependencies:
    chalk "^2.0.0"
    esutils "^2.0.2"
    js-tokens "^4.0.0"

"@nodelib/fs.scandir@2.1.1":
  version "2.1.1"
  resolved "https://spring.jfrog.io/spring/api/npm/npm-red/@nodelib/fs.scandir/-/fs.scandir-2.1.1.tgz#7fa8fed654939e1a39753d286b48b4836d00e0eb"
  integrity sha1-f6j+1lSTnho5dT0oa0i0g20A4Os=
  dependencies:
    "@nodelib/fs.stat" "2.0.1"
    run-parallel "^1.1.9"

"@nodelib/fs.stat@2.0.1", "@nodelib/fs.stat@^2.0.1":
  version "2.0.1"
  resolved "https://spring.jfrog.io/spring/api/npm/npm-red/@nodelib/fs.stat/-/fs.stat-2.0.1.tgz#814f71b1167390cfcb6a6b3d9cdeb0951a192c14"
  integrity sha1-gU9xsRZzkM/Lams9nN6wlRoZLBQ=

"@nodelib/fs.walk@^1.2.1":
  version "1.2.2"
  resolved "https://spring.jfrog.io/spring/api/npm/npm-red/@nodelib/fs.walk/-/fs.walk-1.2.2.tgz#6a6450c5e17012abd81450eb74949a4d970d2807"
  integrity sha1-amRQxeFwEqvYFFDrdJSaTZcNKAc=
  dependencies:
    "@nodelib/fs.scandir" "2.1.1"
    fastq "^1.6.0"

"@types/estree@0.0.39":
  version "0.0.39"
  resolved "https://spring.jfrog.io/spring/api/npm/npm-red/@types/estree/-/estree-0.0.39.tgz#e177e699ee1b8c22d23174caaa7422644389509f"
  integrity sha1-4Xfmme4bjCLSMXTKqnQiZEOJUJ8=

"@types/events@*":
  version "3.0.0"
  resolved "https://spring.jfrog.io/spring/api/npm/npm-red/@types/events/-/events-3.0.0.tgz#2862f3f58a9a7f7c3e78d79f130dd4d71c25c2a7"
  integrity sha1-KGLz9Yqaf3w+eNefEw3U1xwlwqc=

"@types/fs-extra@^8.0.0":
  version "8.0.0"
  resolved "https://spring.jfrog.io/spring/api/npm/npm-red/@types/fs-extra/-/fs-extra-8.0.0.tgz#d3e2c313ca29f95059f198dd60d1f774642d4b25"
  integrity sha1-0+LDE8op+VBZ8ZjdYNH3dGQtSyU=
  dependencies:
    "@types/node" "*"

"@types/glob@^7.1.1":
  version "7.1.1"
  resolved "https://spring.jfrog.io/spring/api/npm/npm-red/@types/glob/-/glob-7.1.1.tgz#aa59a1c6e3fbc421e07ccd31a944c30eba521575"
  integrity sha1-qlmhxuP7xCHgfM0xqUTDDrpSFXU=
  dependencies:
    "@types/events" "*"
    "@types/minimatch" "*"
    "@types/node" "*"

"@types/minimatch@*":
  version "3.0.3"
  resolved "https://spring.jfrog.io/spring/api/npm/npm-red/@types/minimatch/-/minimatch-3.0.3.tgz#3dca0e3f33b200fc7d1139c0cd96c1268cadfd9d"
  integrity sha1-PcoOPzOyAPx9ETnAzZbBJoyt/Z0=

"@types/noble@0.0.39":
  version "0.0.39"
  resolved "https://spring.jfrog.io/spring/api/npm/npm-red/@types/noble/-/noble-0.0.39.tgz#e2bbdfd42445255450b0c5c6a0c6a17b454513d0"
  integrity sha1-4rvf1CRFJVRQsMXGoMahe0VFE9A=
  dependencies:
    "@types/node" "*"

"@types/node@*", "@types/node@12.6.8", "@types/node@^12.6.2":
  version "12.6.8"
  resolved "https://spring.jfrog.io/spring/api/npm/npm-red/@types/node/-/node-12.6.8.tgz#e469b4bf9d1c9832aee4907ba8a051494357c12c"
  integrity sha1-5Gm0v50cmDKu5JB7qKBRSUNXwSw=

"@types/normalize-package-data@^2.4.0":
  version "2.4.0"
  resolved "https://spring.jfrog.io/spring/api/npm/npm-red/@types/normalize-package-data/-/normalize-package-data-2.4.0.tgz#e486d0d97396d79beedd0a6e33f4534ff6b4973e"
  integrity sha1-5IbQ2XOW15vu3QpuM/RTT/a0lz4=

"@types/resolve@0.0.8":
  version "0.0.8"
  resolved "https://spring.jfrog.io/spring/api/npm/npm-red/@types/resolve/-/resolve-0.0.8.tgz#f26074d238e02659e323ce1a13d041eee280e194"
  integrity sha1-8mB00jjgJlnjI84aE9BB7uKA4ZQ=
  dependencies:
    "@types/node" "*"

"@types/web-bluetooth@0.0.4":
  version "0.0.4"
  resolved "https://spring.jfrog.io/spring/api/npm/npm-red/@types/web-bluetooth/-/web-bluetooth-0.0.4.tgz#107b7fc8666470035b541b194c933d320cd8fb47"
  integrity sha1-EHt/yGZkcANbVBsZTJM9MgzY+0c=

acorn@^6.2.0:
  version "6.2.1"
  resolved "https://spring.jfrog.io/spring/api/npm/npm-red/acorn/-/acorn-6.2.1.tgz#3ed8422d6dec09e6121cc7a843ca86a330a86b51"
  integrity sha1-PthCLW3sCeYSHMeoQ8qGozCoa1E=

ansi-styles@^3.2.1:
  version "3.2.1"
  resolved "https://spring.jfrog.io/spring/api/npm/npm-red/ansi-styles/-/ansi-styles-3.2.1.tgz#41fbb20243e50b12be0f04b8dedbf07520ce841d"
  integrity sha1-QfuyAkPlCxK+DwS43tvwdSDOhB0=
  dependencies:
    color-convert "^1.9.0"

arg@^4.1.0:
  version "4.1.1"
  resolved "https://spring.jfrog.io/spring/api/npm/npm-red/arg/-/arg-4.1.1.tgz#485f8e7c390ce4c5f78257dbea80d4be11feda4c"
  integrity sha1-SF+OfDkM5MX3glfb6oDUvhH+2kw=

argparse@^1.0.7:
  version "1.0.10"
  resolved "https://spring.jfrog.io/spring/api/npm/npm-red/argparse/-/argparse-1.0.10.tgz#bcd6791ea5ae09725e17e5ad988134cd40b3d911"
  integrity sha1-vNZ5HqWuCXJeF+WtmIE0zUCz2RE=
  dependencies:
    sprintf-js "~1.0.2"

array-union@^2.1.0:
  version "2.1.0"
  resolved "https://spring.jfrog.io/spring/api/npm/npm-red/array-union/-/array-union-2.1.0.tgz#b798420adbeb1de828d84acd8a2e23d3efe85e8d"
  integrity sha1-t5hCCtvrHego2ErNii4j0+/oXo0=

balanced-match@^1.0.0:
  version "1.0.0"
  resolved "https://spring.jfrog.io/spring/api/npm/npm-red/balanced-match/-/balanced-match-1.0.0.tgz#89b4d199ab2bee49de164ea02b89ce462d71b767"
  integrity sha1-ibTRmasr7kneFk6gK4nORi1xt2c=

brace-expansion@^1.1.7:
  version "1.1.11"
  resolved "https://spring.jfrog.io/spring/api/npm/npm-red/brace-expansion/-/brace-expansion-1.1.11.tgz#3c7fcbf529d87226f3d2f52b966ff5271eb441dd"
  integrity sha1-PH/L9SnYcibz0vUrlm/1Jx60Qd0=
  dependencies:
    balanced-match "^1.0.0"
    concat-map "0.0.1"

braces@^3.0.1:
  version "3.0.2"
  resolved "https://spring.jfrog.io/spring/api/npm/npm-red/braces/-/braces-3.0.2.tgz#3454e1a462ee8d599e236df336cd9ea4f8afe107"
  integrity sha1-NFThpGLujVmeI23zNs2epPiv4Qc=
  dependencies:
    fill-range "^7.0.1"

buffer-from@^1.0.0:
  version "1.1.1"
  resolved "https://spring.jfrog.io/spring/api/npm/npm-red/buffer-from/-/buffer-from-1.1.1.tgz#32713bc028f75c02fdb710d7c7bcec1f2c6070ef"
  integrity sha1-MnE7wCj3XAL9txDXx7zsHyxgcO8=

builtin-modules@^3.1.0:
  version "3.1.0"
  resolved "https://spring.jfrog.io/spring/api/npm/npm-red/builtin-modules/-/builtin-modules-3.1.0.tgz#aad97c15131eb76b65b50ef208e7584cd76a7484"
  integrity sha1-qtl8FRMet2tltQ7yCOdYTNdqdIQ=

builtins@^2.0.0:
  version "2.0.1"
  resolved "https://spring.jfrog.io/spring/api/npm/npm-red/builtins/-/builtins-2.0.1.tgz#42a4d6fe38973a7c185b435970d13e5e70f70f3c"
  integrity sha1-QqTW/jiXOnwYW0NZcNE+XnD3Dzw=
  dependencies:
    semver "^6.0.0"

caller-callsite@^2.0.0:
  version "2.0.0"
  resolved "https://spring.jfrog.io/spring/api/npm/npm-red/caller-callsite/-/caller-callsite-2.0.0.tgz#847e0fce0a223750a9a027c54b33731ad3154134"
  integrity sha1-hH4PzgoiN1CpoCfFSzNzGtMVQTQ=
  dependencies:
    callsites "^2.0.0"

caller-path@^2.0.0:
  version "2.0.0"
  resolved "https://spring.jfrog.io/spring/api/npm/npm-red/caller-path/-/caller-path-2.0.0.tgz#468f83044e369ab2010fac5f06ceee15bb2cb1f4"
  integrity sha1-Ro+DBE42mrIBD6xfBs7uFbsssfQ=
  dependencies:
    caller-callsite "^2.0.0"

callsites@^2.0.0:
  version "2.0.0"
  resolved "https://spring.jfrog.io/spring/api/npm/npm-red/callsites/-/callsites-2.0.0.tgz#06eb84f00eea413da86affefacbffb36093b3c50"
  integrity sha1-BuuE8A7qQT2oav/vrL/7Ngk7PFA=

chalk@2.4.2, chalk@^2.0.0, chalk@^2.4.2:
  version "2.4.2"
  resolved "https://spring.jfrog.io/spring/api/npm/npm-red/chalk/-/chalk-2.4.2.tgz#cd42541677a54333cf541a49108c1432b44c9424"
  integrity sha1-zUJUFnelQzPPVBpJEIwUMrRMlCQ=
  dependencies:
    ansi-styles "^3.2.1"
    escape-string-regexp "^1.0.5"
    supports-color "^5.3.0"

ci-info@^2.0.0:
  version "2.0.0"
  resolved "https://spring.jfrog.io/spring/api/npm/npm-red/ci-info/-/ci-info-2.0.0.tgz#67a9e964be31a51e15e5010d58e6f12834002f46"
  integrity sha1-Z6npZL4xpR4V5QENWObxKDQAL0Y=

color-convert@^1.9.0:
  version "1.9.3"
  resolved "https://spring.jfrog.io/spring/api/npm/npm-red/color-convert/-/color-convert-1.9.3.tgz#bb71850690e1f136567de629d2d5471deda4c1e8"
  integrity sha1-u3GFBpDh8TZWfeYp0tVHHe2kweg=
  dependencies:
    color-name "1.1.3"

color-name@1.1.3:
  version "1.1.3"
  resolved "https://spring.jfrog.io/spring/api/npm/npm-red/color-name/-/color-name-1.1.3.tgz#a7d0558bd89c42f795dd42328f740831ca53bc25"
  integrity sha1-p9BVi9icQveV3UIyj3QIMcpTvCU=

colorette@^1.1.0:
  version "1.1.0"
  resolved "https://spring.jfrog.io/spring/api/npm/npm-red/colorette/-/colorette-1.1.0.tgz#1f943e5a357fac10b4e0f5aaef3b14cdc1af6ec7"
  integrity sha1-H5Q+WjV/rBC04PWq7zsUzcGvbsc=

commander@^2.20.0:
  version "2.20.0"
  resolved "https://spring.jfrog.io/spring/api/npm/npm-red/commander/-/commander-2.20.0.tgz#d58bb2b5c1ee8f87b0d340027e9e94e222c5a422"
  integrity sha1-1YuytcHuj4ew00ACfp6U4iLFpCI=

concat-map@0.0.1:
  version "0.0.1"
  resolved "https://spring.jfrog.io/spring/api/npm/npm-red/concat-map/-/concat-map-0.0.1.tgz#d8a96bd77fd68df7793a73036a3ba0d5405d477b"
  integrity sha1-2Klr13/Wjfd5OnMDajug1UBdR3s=

core-util-is@~1.0.0:
  version "1.0.2"
  resolved "https://spring.jfrog.io/spring/api/npm/npm-red/core-util-is/-/core-util-is-1.0.2.tgz#b5fd54220aa2bc5ab57aab7140c940754503c1a7"
  integrity sha1-tf1UIgqivFq1eqtxQMlAdUUDwac=

cosmiconfig@^5.2.1:
  version "5.2.1"
  resolved "https://spring.jfrog.io/spring/api/npm/npm-red/cosmiconfig/-/cosmiconfig-5.2.1.tgz#040f726809c591e77a17c0a3626ca45b4f168b1a"
  integrity sha1-BA9yaAnFked6F8CjYmykW08Wixo=
  dependencies:
    import-fresh "^2.0.0"
    is-directory "^0.3.1"
    js-yaml "^3.13.1"
    parse-json "^4.0.0"

cross-spawn@^6.0.0:
  version "6.0.5"
  resolved "https://spring.jfrog.io/spring/api/npm/npm-red/cross-spawn/-/cross-spawn-6.0.5.tgz#4a5ec7c64dfae22c3a14124dbacdee846d80cbc4"
  integrity sha1-Sl7Hxk364iw6FBJNus3uhG2Ay8Q=
  dependencies:
    nice-try "^1.0.4"
    path-key "^2.0.1"
    semver "^5.5.0"
    shebang-command "^1.2.0"
    which "^1.2.9"

diff@^4.0.1:
  version "4.0.1"
  resolved "https://spring.jfrog.io/spring/api/npm/npm-red/diff/-/diff-4.0.1.tgz#0c667cb467ebbb5cea7f14f135cc2dba7780a8ff"
  integrity sha1-DGZ8tGfru1zqfxTxNcwtuneAqP8=

dir-glob@^3.0.1:
  version "3.0.1"
  resolved "https://spring.jfrog.io/spring/api/npm/npm-red/dir-glob/-/dir-glob-3.0.1.tgz#56dbf73d992a4a93ba1584f4534063fd2e41717f"
  integrity sha1-Vtv3PZkqSpO6FYT0U0Bj/S5BcX8=
  dependencies:
    path-type "^4.0.0"

end-of-stream@^1.1.0:
  version "1.4.1"
  resolved "https://spring.jfrog.io/spring/api/npm/npm-red/end-of-stream/-/end-of-stream-1.4.1.tgz#ed29634d19baba463b6ce6b80a37213eab71ec43"
  integrity sha1-7SljTRm6ukY7bOa4CjchPqtx7EM=
  dependencies:
    once "^1.4.0"

error-ex@^1.3.1:
  version "1.3.2"
  resolved "https://spring.jfrog.io/spring/api/npm/npm-red/error-ex/-/error-ex-1.3.2.tgz#b4ac40648107fdcdcfae242f428bea8a14d4f1bf"
  integrity sha1-tKxAZIEH/c3PriQvQovqihTU8b8=
  dependencies:
    is-arrayish "^0.2.1"

escape-string-regexp@^1.0.5:
  version "1.0.5"
  resolved "https://spring.jfrog.io/spring/api/npm/npm-red/escape-string-regexp/-/escape-string-regexp-1.0.5.tgz#1b61c0562190a8dff6ae3bb2cf0200ca130b86d4"
  integrity sha1-G2HAViGQqN/2rjuyzwIAyhMLhtQ=

esprima@^4.0.0:
  version "4.0.1"
  resolved "https://spring.jfrog.io/spring/api/npm/npm-red/esprima/-/esprima-4.0.1.tgz#13b04cdb3e6c5d19df91ab6987a8695619b0aa71"
  integrity sha1-E7BM2z5sXRnfkatph6hpVhmwqnE=

estree-walker@^0.6.1:
  version "0.6.1"
  resolved "https://spring.jfrog.io/spring/api/npm/npm-red/estree-walker/-/estree-walker-0.6.1.tgz#53049143f40c6eb918b23671d1fe3219f3a1b362"
  integrity sha1-UwSRQ/QMbrkYsjZx0f4yGfOhs2I=

esutils@^2.0.2:
  version "2.0.3"
  resolved "https://spring.jfrog.io/spring/api/npm/npm-red/esutils/-/esutils-2.0.3.tgz#74d2eb4de0b8da1293711910d50775b9b710ef64"
  integrity sha1-dNLrTeC42hKTcRkQ1Qd1ubcQ72Q=

execa@^1.0.0:
  version "1.0.0"
  resolved "https://spring.jfrog.io/spring/api/npm/npm-red/execa/-/execa-1.0.0.tgz#c6236a5bb4df6d6f15e88e7f017798216749ddd8"
  integrity sha1-xiNqW7TfbW8V6I5/AXeYIWdJ3dg=
  dependencies:
    cross-spawn "^6.0.0"
    get-stream "^4.0.0"
    is-stream "^1.1.0"
    npm-run-path "^2.0.0"
    p-finally "^1.0.0"
    signal-exit "^3.0.0"
    strip-eof "^1.0.0"

fast-glob@^3.0.3:
  version "3.0.4"
  resolved "https://spring.jfrog.io/spring/api/npm/npm-red/fast-glob/-/fast-glob-3.0.4.tgz#d484a41005cb6faeb399b951fd1bd70ddaebb602"
  integrity sha1-1ISkEAXLb66zmblR/RvXDdrrtgI=
  dependencies:
    "@nodelib/fs.stat" "^2.0.1"
    "@nodelib/fs.walk" "^1.2.1"
    glob-parent "^5.0.0"
    is-glob "^4.0.1"
    merge2 "^1.2.3"
    micromatch "^4.0.2"

fastq@^1.6.0:
  version "1.6.0"
  resolved "https://spring.jfrog.io/spring/api/npm/npm-red/fastq/-/fastq-1.6.0.tgz#4ec8a38f4ac25f21492673adb7eae9cfef47d1c2"
  integrity sha1-Tsijj0rCXyFJJnOtt+rpz+9H0cI=
  dependencies:
    reusify "^1.0.0"

fill-range@^7.0.1:
  version "7.0.1"
  resolved "https://spring.jfrog.io/spring/api/npm/npm-red/fill-range/-/fill-range-7.0.1.tgz#1919a6a7c75fe38b2c7c77e5198535da9acdda40"
  integrity sha1-GRmmp8df44ssfHflGYU12prN2kA=
  dependencies:
    to-regex-range "^5.0.1"

find-up@^4.0.0:
  version "4.1.0"
  resolved "https://spring.jfrog.io/spring/api/npm/npm-red/find-up/-/find-up-4.1.0.tgz#97afe7d6cdc0bc5928584b7c8d7b16e8a9aa5d19"
  integrity sha1-l6/n1s3AvFkoWEt8jXsW6KmqXRk=
  dependencies:
    locate-path "^5.0.0"
    path-exists "^4.0.0"

fs-extra@8.1.0, fs-extra@^8.1.0:
  version "8.1.0"
  resolved "https://spring.jfrog.io/spring/api/npm/npm-red/fs-extra/-/fs-extra-8.1.0.tgz#49d43c45a88cd9677668cb7be1b46efdb8d2e1c0"
  integrity sha1-SdQ8RaiM2Wd2aMt74bRu/bjS4cA=
  dependencies:
    graceful-fs "^4.2.0"
    jsonfile "^4.0.0"
    universalify "^0.1.0"

fs.realpath@^1.0.0:
  version "1.0.0"
  resolved "https://spring.jfrog.io/spring/api/npm/npm-red/fs.realpath/-/fs.realpath-1.0.0.tgz#1504ad2523158caa40db4a2787cb01411994ea4f"
  integrity sha1-FQStJSMVjKpA20onh8sBQRmU6k8=

get-stdin@^7.0.0:
  version "7.0.0"
  resolved "https://spring.jfrog.io/spring/api/npm/npm-red/get-stdin/-/get-stdin-7.0.0.tgz#8d5de98f15171a125c5e516643c7a6d0ea8a96f6"
  integrity sha1-jV3pjxUXGhJcXlFmQ8em0OqKlvY=

get-stream@^4.0.0:
  version "4.1.0"
  resolved "https://spring.jfrog.io/spring/api/npm/npm-red/get-stream/-/get-stream-4.1.0.tgz#c1b255575f3dc21d59bfc79cd3d2b46b1c3a54b5"
  integrity sha1-wbJVV189wh1Zv8ec09K0axw6VLU=
  dependencies:
    pump "^3.0.0"

glob-parent@^5.0.0:
  version "5.0.0"
  resolved "https://spring.jfrog.io/spring/api/npm/npm-red/glob-parent/-/glob-parent-5.0.0.tgz#1dc99f0f39b006d3e92c2c284068382f0c20e954"
  integrity sha1-HcmfDzmwBtPpLCwoQGg4Lwwg6VQ=
  dependencies:
    is-glob "^4.0.1"

glob@^7.1.3:
  version "7.1.4"
  resolved "https://spring.jfrog.io/spring/api/npm/npm-red/glob/-/glob-7.1.4.tgz#aa608a2f6c577ad357e1ae5a5c26d9a8d1969255"
  integrity sha1-qmCKL2xXetNX4a5aXCbZqNGWklU=
  dependencies:
    fs.realpath "^1.0.0"
    inflight "^1.0.4"
    inherits "2"
    minimatch "^3.0.4"
    once "^1.3.0"
    path-is-absolute "^1.0.0"

globby@10.0.1:
  version "10.0.1"
  resolved "https://spring.jfrog.io/spring/api/npm/npm-red/globby/-/globby-10.0.1.tgz#4782c34cb75dd683351335c5829cc3420e606b22"
  integrity sha1-R4LDTLdd1oM1EzXFgpzDQg5gayI=
  dependencies:
    "@types/glob" "^7.1.1"
    array-union "^2.1.0"
    dir-glob "^3.0.1"
    fast-glob "^3.0.3"
    glob "^7.1.3"
    ignore "^5.1.1"
    merge2 "^1.2.3"
    slash "^3.0.0"

graceful-fs@^4.1.2, graceful-fs@^4.1.6, graceful-fs@^4.2.0:
  version "4.2.0"
  resolved "https://spring.jfrog.io/spring/api/npm/npm-red/graceful-fs/-/graceful-fs-4.2.0.tgz#8d8fdc73977cb04104721cb53666c1ca64cd328b"
  integrity sha1-jY/cc5d8sEEEchy1NmbBymTNMos=

has-flag@^3.0.0:
  version "3.0.0"
  resolved "https://spring.jfrog.io/spring/api/npm/npm-red/has-flag/-/has-flag-3.0.0.tgz#b5d454dc2199ae225699f3467e5a07f3b955bafd"
  integrity sha1-tdRU3CGZriJWmfNGfloH87lVuv0=

hosted-git-info@^2.1.4:
  version "2.7.1"
  resolved "https://spring.jfrog.io/spring/api/npm/npm-red/hosted-git-info/-/hosted-git-info-2.7.1.tgz#97f236977bd6e125408930ff6de3eec6281ec047"
  integrity sha1-l/I2l3vW4SVAiTD/bePuxigewEc=

husky@3.0.1:
  version "3.0.1"
  resolved "https://spring.jfrog.io/spring/api/npm/npm-red/husky/-/husky-3.0.1.tgz#06152c28e129622b05fa09c494209de8cf2dfb59"
  integrity sha1-BhUsKOEpYisF+gnElCCd6M8t+1k=
  dependencies:
    chalk "^2.4.2"
    cosmiconfig "^5.2.1"
    execa "^1.0.0"
    get-stdin "^7.0.0"
    is-ci "^2.0.0"
    opencollective-postinstall "^2.0.2"
    pkg-dir "^4.2.0"
    please-upgrade-node "^3.1.1"
    read-pkg "^5.1.1"
    run-node "^1.0.0"
    slash "^3.0.0"

ignore@^5.1.1:
  version "5.1.2"
  resolved "https://spring.jfrog.io/spring/api/npm/npm-red/ignore/-/ignore-5.1.2.tgz#e28e584d43ad7e92f96995019cc43b9e1ac49558"
  integrity sha1-4o5YTUOtfpL5aZUBnMQ7nhrElVg=

import-fresh@^2.0.0:
  version "2.0.0"
  resolved "https://spring.jfrog.io/spring/api/npm/npm-red/import-fresh/-/import-fresh-2.0.0.tgz#d81355c15612d386c61f9ddd3922d4304822a546"
  integrity sha1-2BNVwVYS04bGH53dOSLUMEgipUY=
  dependencies:
    caller-path "^2.0.0"
    resolve-from "^3.0.0"

inflight@^1.0.4:
  version "1.0.6"
  resolved "https://spring.jfrog.io/spring/api/npm/npm-red/inflight/-/inflight-1.0.6.tgz#49bd6331d7d02d0c09bc910a1075ba8165b56df9"
  integrity sha1-Sb1jMdfQLQwJvJEKEHW6gWW1bfk=
  dependencies:
    once "^1.3.0"
    wrappy "1"

inherits@2, inherits@~2.0.3:
  version "2.0.4"
  resolved "https://spring.jfrog.io/spring/api/npm/npm-red/inherits/-/inherits-2.0.4.tgz#0fa2c64f932917c3433a0ded55363aae37416b7c"
  integrity sha1-D6LGT5MpF8NDOg3tVTY6rjdBa3w=

is-arrayish@^0.2.1:
  version "0.2.1"
  resolved "https://spring.jfrog.io/spring/api/npm/npm-red/is-arrayish/-/is-arrayish-0.2.1.tgz#77c99840527aa8ecb1a8ba697b80645a7a926a9d"
  integrity sha1-d8mYQFJ6qOyxqLppe4BkWnqSap0=

is-ci@^2.0.0:
  version "2.0.0"
  resolved "https://spring.jfrog.io/spring/api/npm/npm-red/is-ci/-/is-ci-2.0.0.tgz#6bc6334181810e04b5c22b3d589fdca55026404c"
  integrity sha1-a8YzQYGBDgS1wis9WJ/cpVAmQEw=
  dependencies:
    ci-info "^2.0.0"

is-directory@^0.3.1:
  version "0.3.1"
  resolved "https://spring.jfrog.io/spring/api/npm/npm-red/is-directory/-/is-directory-0.3.1.tgz#61339b6f2475fc772fd9c9d83f5c8575dc154ae1"
  integrity sha1-YTObbyR1/Hcv2cnYP1yFddwVSuE=

is-extglob@^2.1.1:
  version "2.1.1"
  resolved "https://spring.jfrog.io/spring/api/npm/npm-red/is-extglob/-/is-extglob-2.1.1.tgz#a88c02535791f02ed37c76a1b9ea9773c833f8c2"
  integrity sha1-qIwCU1eR8C7TfHahueqXc8gz+MI=

is-glob@^4.0.1:
  version "4.0.1"
  resolved "https://spring.jfrog.io/spring/api/npm/npm-red/is-glob/-/is-glob-4.0.1.tgz#7567dbe9f2f5e2467bc77ab83c4a29482407a5dc"
  integrity sha1-dWfb6fL14kZ7x3q4PEopSCQHpdw=
  dependencies:
    is-extglob "^2.1.1"

is-module@^1.0.0:
  version "1.0.0"
  resolved "https://spring.jfrog.io/spring/api/npm/npm-red/is-module/-/is-module-1.0.0.tgz#3258fb69f78c14d5b815d664336b4cffb6441591"
  integrity sha1-Mlj7afeMFNW4FdZkM2tM/7ZEFZE=

is-number@^7.0.0:
  version "7.0.0"
  resolved "https://spring.jfrog.io/spring/api/npm/npm-red/is-number/-/is-number-7.0.0.tgz#7535345b896734d5f80c4d06c50955527a14f12b"
  integrity sha1-dTU0W4lnNNX4DE0GxQlVUnoU8Ss=

is-plain-object@^3.0.0:
  version "3.0.0"
  resolved "https://spring.jfrog.io/spring/api/npm/npm-red/is-plain-object/-/is-plain-object-3.0.0.tgz#47bfc5da1b5d50d64110806c199359482e75a928"
  integrity sha1-R7/F2htdUNZBEIBsGZNZSC51qSg=
  dependencies:
    isobject "^4.0.0"

is-reference@^1.1.2:
  version "1.1.3"
  resolved "https://spring.jfrog.io/spring/api/npm/npm-red/is-reference/-/is-reference-1.1.3.tgz#e99059204b66fdbe09305cfca715a29caa5c8a51"
  integrity sha1-6ZBZIEtm/b4JMFz8pxWinKpcilE=
  dependencies:
    "@types/estree" "0.0.39"

is-stream@^1.1.0:
  version "1.1.0"
  resolved "https://spring.jfrog.io/spring/api/npm/npm-red/is-stream/-/is-stream-1.1.0.tgz#12d4a3dd4e68e0b79ceb8dbc84173ae80d91ca44"
  integrity sha1-EtSj3U5o4Lec6428hBc66A2RykQ=

isarray@~1.0.0:
  version "1.0.0"
  resolved "https://spring.jfrog.io/spring/api/npm/npm-red/isarray/-/isarray-1.0.0.tgz#bb935d48582cba168c06834957a54a3e07124f11"
  integrity sha1-u5NdSFgsuhaMBoNJV6VKPgcSTxE=

isexe@^2.0.0:
  version "2.0.0"
  resolved "https://spring.jfrog.io/spring/api/npm/npm-red/isexe/-/isexe-2.0.0.tgz#e8fbf374dc556ff8947a10dcb0572d633f2cfa10"
  integrity sha1-6PvzdNxVb/iUehDcsFctYz8s+hA=

isobject@^4.0.0:
  version "4.0.0"
  resolved "https://spring.jfrog.io/spring/api/npm/npm-red/isobject/-/isobject-4.0.0.tgz#3f1c9155e73b192022a80819bacd0343711697b0"
  integrity sha1-PxyRVec7GSAiqAgZus0DQ3EWl7A=

jest-worker@^24.6.0:
  version "24.6.0"
  resolved "https://spring.jfrog.io/spring/api/npm/npm-red/jest-worker/-/jest-worker-24.6.0.tgz#7f81ceae34b7cde0c9827a6980c35b7cdc0161b3"
  integrity sha1-f4HOrjS3zeDJgnppgMNbfNwBYbM=
  dependencies:
    merge-stream "^1.0.1"
    supports-color "^6.1.0"

js-tokens@^4.0.0:
  version "4.0.0"
  resolved "https://spring.jfrog.io/spring/api/npm/npm-red/js-tokens/-/js-tokens-4.0.0.tgz#19203fb59991df98e3a287050d4647cdeaf32499"
  integrity sha1-GSA/tZmR35jjoocFDUZHzerzJJk=

js-yaml@^3.13.1:
  version "3.13.1"
  resolved "https://spring.jfrog.io/spring/api/npm/npm-red/js-yaml/-/js-yaml-3.13.1.tgz#aff151b30bfdfa8e49e05da22e7415e9dfa37847"
  integrity sha1-r/FRswv9+o5J4F2iLnQV6d+jeEc=
  dependencies:
    argparse "^1.0.7"
    esprima "^4.0.0"

json-parse-better-errors@^1.0.1:
  version "1.0.2"
  resolved "https://spring.jfrog.io/spring/api/npm/npm-red/json-parse-better-errors/-/json-parse-better-errors-1.0.2.tgz#bb867cfb3450e69107c131d1c514bab3dc8bcaa9"
  integrity sha1-u4Z8+zRQ5pEHwTHRxRS6s9yLyqk=

jsonfile@^4.0.0:
  version "4.0.0"
  resolved "https://spring.jfrog.io/spring/api/npm/npm-red/jsonfile/-/jsonfile-4.0.0.tgz#8771aae0799b64076b76640fca058f9c10e33ecb"
  integrity sha1-h3Gq4HmbZAdrdmQPygWPnBDjPss=
  optionalDependencies:
    graceful-fs "^4.1.6"

lines-and-columns@^1.1.6:
  version "1.1.6"
  resolved "https://spring.jfrog.io/spring/api/npm/npm-red/lines-and-columns/-/lines-and-columns-1.1.6.tgz#1c00c743b433cd0a4e80758f7b64a57440d9ff00"
  integrity sha1-HADHQ7QzzQpOgHWPe2SldEDZ/wA=

load-json-file@^4.0.0:
  version "4.0.0"
  resolved "https://spring.jfrog.io/spring/api/npm/npm-red/load-json-file/-/load-json-file-4.0.0.tgz#2f5f45ab91e33216234fd53adab668eb4ec0993b"
  integrity sha1-L19Fq5HjMhYjT9U62rZo607AmTs=
  dependencies:
    graceful-fs "^4.1.2"
    parse-json "^4.0.0"
    pify "^3.0.0"
    strip-bom "^3.0.0"

locate-path@^5.0.0:
  version "5.0.0"
  resolved "https://spring.jfrog.io/spring/api/npm/npm-red/locate-path/-/locate-path-5.0.0.tgz#1afba396afd676a6d42504d0a67a3a7eb9f62aa0"
  integrity sha1-Gvujlq/WdqbUJQTQpno6frn2KqA=
  dependencies:
    p-locate "^4.1.0"

magic-string@^0.25.2:
  version "0.25.3"
  resolved "https://spring.jfrog.io/spring/api/npm/npm-red/magic-string/-/magic-string-0.25.3.tgz#34b8d2a2c7fec9d9bdf9929a3fd81d271ef35be9"
  integrity sha1-NLjSosf+ydm9+ZKaP9gdJx7zW+k=
  dependencies:
    sourcemap-codec "^1.4.4"

make-error@^1.1.1:
  version "1.3.5"
  resolved "https://spring.jfrog.io/spring/api/npm/npm-red/make-error/-/make-error-1.3.5.tgz#efe4e81f6db28cadd605c70f29c831b58ef776c8"
  integrity sha1-7+ToH22yjK3WBccPKcgxtY73dsg=

merge-stream@^1.0.1:
  version "1.0.1"
  resolved "https://spring.jfrog.io/spring/api/npm/npm-red/merge-stream/-/merge-stream-1.0.1.tgz#4041202d508a342ba00174008df0c251b8c135e1"
  integrity sha1-QEEgLVCKNCugAXQAjfDCUbjBNeE=
  dependencies:
    readable-stream "^2.0.1"

merge2@^1.2.3:
  version "1.2.4"
  resolved "https://spring.jfrog.io/spring/api/npm/npm-red/merge2/-/merge2-1.2.4.tgz#c9269589e6885a60cf80605d9522d4b67ca646e3"
  integrity sha1-ySaVieaIWmDPgGBdlSLUtnymRuM=

micromatch@^4.0.2:
  version "4.0.2"
  resolved "https://spring.jfrog.io/spring/api/npm/npm-red/micromatch/-/micromatch-4.0.2.tgz#4fcb0999bf9fbc2fcbdd212f6d629b9a56c39259"
  integrity sha1-T8sJmb+fvC/L3SEvbWKbmlbDklk=
  dependencies:
    braces "^3.0.1"
    picomatch "^2.0.5"

minimatch@^3.0.4:
  version "3.0.4"
  resolved "https://spring.jfrog.io/spring/api/npm/npm-red/minimatch/-/minimatch-3.0.4.tgz#5166e286457f03306064be5497e8dbb0c3d32083"
  integrity sha1-UWbihkV/AzBgZL5Ul+jbsMPTIIM=
  dependencies:
    brace-expansion "^1.1.7"

nice-try@^1.0.4:
  version "1.0.5"
  resolved "https://spring.jfrog.io/spring/api/npm/npm-red/nice-try/-/nice-try-1.0.5.tgz#a3378a7696ce7d223e88fc9b764bd7ef1089e366"
  integrity sha1-ozeKdpbOfSI+iPybdkvX7xCJ42Y=

normalize-package-data@^2.3.2, normalize-package-data@^2.5.0:
  version "2.5.0"
  resolved "https://spring.jfrog.io/spring/api/npm/npm-red/normalize-package-data/-/normalize-package-data-2.5.0.tgz#e66db1838b200c1dfc233225d12cb36520e234a8"
  integrity sha1-5m2xg4sgDB38IzIl0SyzZSDiNKg=
  dependencies:
    hosted-git-info "^2.1.4"
    resolve "^1.10.0"
    semver "2 || 3 || 4 || 5"
    validate-npm-package-license "^3.0.1"

npm-run-path@^2.0.0:
  version "2.0.2"
  resolved "https://spring.jfrog.io/spring/api/npm/npm-red/npm-run-path/-/npm-run-path-2.0.2.tgz#35a9232dfa35d7067b4cb2ddf2357b1871536c5f"
  integrity sha1-NakjLfo11wZ7TLLd8jV7GHFTbF8=
  dependencies:
    path-key "^2.0.0"

once@^1.3.0, once@^1.3.1, once@^1.4.0:
  version "1.4.0"
  resolved "https://spring.jfrog.io/spring/api/npm/npm-red/once/-/once-1.4.0.tgz#583b1aa775961d4b113ac17d9c50baef9dd76bd1"
  integrity sha1-WDsap3WWHUsROsF9nFC6753Xa9E=
  dependencies:
    wrappy "1"

opencollective-postinstall@^2.0.2:
  version "2.0.2"
  resolved "https://spring.jfrog.io/spring/api/npm/npm-red/opencollective-postinstall/-/opencollective-postinstall-2.0.2.tgz#5657f1bede69b6e33a45939b061eb53d3c6c3a89"
  integrity sha1-Vlfxvt5ptuM6RZObBh61PTxsOok=

p-finally@^1.0.0:
  version "1.0.0"
  resolved "https://spring.jfrog.io/spring/api/npm/npm-red/p-finally/-/p-finally-1.0.0.tgz#3fbcfb15b899a44123b34b6dcc18b724336a2cae"
  integrity sha1-P7z7FbiZpEEjs0ttzBi3JDNqLK4=

p-limit@^2.2.0:
  version "2.2.0"
  resolved "https://spring.jfrog.io/spring/api/npm/npm-red/p-limit/-/p-limit-2.2.0.tgz#417c9941e6027a9abcba5092dd2904e255b5fbc2"
  integrity sha1-QXyZQeYCepq8ulCS3SkE4lW1+8I=
  dependencies:
    p-try "^2.0.0"

p-locate@^4.1.0:
  version "4.1.0"
  resolved "https://spring.jfrog.io/spring/api/npm/npm-red/p-locate/-/p-locate-4.1.0.tgz#a3428bb7088b3a60292f66919278b7c297ad4f07"
  integrity sha1-o0KLtwiLOmApL2aRkni3wpetTwc=
  dependencies:
    p-limit "^2.2.0"

p-timeout@3.1.0:
  version "3.1.0"
  resolved "https://spring.jfrog.io/spring/api/npm/npm-red/p-timeout/-/p-timeout-3.1.0.tgz#198c1f503bb973e9b9727177a276c80afd6851f3"
  integrity sha1-GYwfUDu5c+m5cnF3onbICv1oUfM=
  dependencies:
    p-finally "^1.0.0"

p-try@^2.0.0:
  version "2.2.0"
  resolved "https://spring.jfrog.io/spring/api/npm/npm-red/p-try/-/p-try-2.2.0.tgz#cb2868540e313d61de58fafbe35ce9004d5540e6"
  integrity sha1-yyhoVA4xPWHeWPr741zpAE1VQOY=

parse-json@^4.0.0:
  version "4.0.0"
  resolved "https://spring.jfrog.io/spring/api/npm/npm-red/parse-json/-/parse-json-4.0.0.tgz#be35f5425be1f7f6c747184f98a788cb99477ee0"
  integrity sha1-vjX1Qlvh9/bHRxhPmKeIy5lHfuA=
  dependencies:
    error-ex "^1.3.1"
    json-parse-better-errors "^1.0.1"

parse-json@^5.0.0:
  version "5.0.0"
  resolved "https://spring.jfrog.io/spring/api/npm/npm-red/parse-json/-/parse-json-5.0.0.tgz#73e5114c986d143efa3712d4ea24db9a4266f60f"
  integrity sha1-c+URTJhtFD76NxLU6iTbmkJm9g8=
  dependencies:
    "@babel/code-frame" "^7.0.0"
    error-ex "^1.3.1"
    json-parse-better-errors "^1.0.1"
    lines-and-columns "^1.1.6"

path-exists@^4.0.0:
  version "4.0.0"
  resolved "https://spring.jfrog.io/spring/api/npm/npm-red/path-exists/-/path-exists-4.0.0.tgz#513bdbe2d3b95d7762e8c1137efa195c6c61b5b3"
  integrity sha1-UTvb4tO5XXdi6METfvoZXGxhtbM=

path-is-absolute@^1.0.0:
  version "1.0.1"
  resolved "https://spring.jfrog.io/spring/api/npm/npm-red/path-is-absolute/-/path-is-absolute-1.0.1.tgz#174b9268735534ffbc7ace6bf53a5a9e1b5c5f5f"
  integrity sha1-F0uSaHNVNP+8es5r9TpanhtcX18=

path-key@^2.0.0, path-key@^2.0.1:
  version "2.0.1"
  resolved "https://spring.jfrog.io/spring/api/npm/npm-red/path-key/-/path-key-2.0.1.tgz#411cadb574c5a140d3a4b1910d40d80cc9f40b40"
  integrity sha1-QRyttXTFoUDTpLGRDUDYDMn0C0A=

path-parse@^1.0.6:
  version "1.0.6"
  resolved "https://spring.jfrog.io/spring/api/npm/npm-red/path-parse/-/path-parse-1.0.6.tgz#d62dbb5679405d72c4737ec58600e9ddcf06d24c"
  integrity sha1-1i27VnlAXXLEc37FhgDp3c8G0kw=

path-type@^3.0.0:
  version "3.0.0"
  resolved "https://spring.jfrog.io/spring/api/npm/npm-red/path-type/-/path-type-3.0.0.tgz#cef31dc8e0a1a3bb0d105c0cd97cf3bf47f4e36f"
  integrity sha1-zvMdyOCho7sNEFwM2Xzzv0f0428=
  dependencies:
    pify "^3.0.0"

path-type@^4.0.0:
  version "4.0.0"
  resolved "https://spring.jfrog.io/spring/api/npm/npm-red/path-type/-/path-type-4.0.0.tgz#84ed01c0a7ba380afe09d90a8c180dcd9d03043b"
  integrity sha1-hO0BwKe6OAr+CdkKjBgNzZ0DBDs=

picomatch@^2.0.5:
  version "2.0.7"
  resolved "https://spring.jfrog.io/spring/api/npm/npm-red/picomatch/-/picomatch-2.0.7.tgz#514169d8c7cd0bdbeecc8a2609e34a7163de69f6"
  integrity sha1-UUFp2MfNC9vuzIomCeNKcWPeafY=

pify@^3.0.0:
  version "3.0.0"
  resolved "https://spring.jfrog.io/spring/api/npm/npm-red/pify/-/pify-3.0.0.tgz#e5a4acd2c101fdf3d9a4d07f0dbc4db49dd28176"
  integrity sha1-5aSs0sEB/fPZpNB/DbxNtJ3SgXY=

pkg-dir@^4.2.0:
  version "4.2.0"
  resolved "https://spring.jfrog.io/spring/api/npm/npm-red/pkg-dir/-/pkg-dir-4.2.0.tgz#f099133df7ede422e81d1d8448270eeb3e4261f3"
  integrity sha1-8JkTPfft5CLoHR2ESCcO6z5CYfM=
  dependencies:
    find-up "^4.0.0"

please-upgrade-node@^3.1.1:
  version "3.1.1"
  resolved "https://spring.jfrog.io/spring/api/npm/npm-red/please-upgrade-node/-/please-upgrade-node-3.1.1.tgz#ed320051dfcc5024fae696712c8288993595e8ac"
  integrity sha1-7TIAUd/MUCT65pZxLIKImTWV6Kw=
  dependencies:
    semver-compare "^1.0.0"

process-nextick-args@~2.0.0:
  version "2.0.1"
  resolved "https://spring.jfrog.io/spring/api/npm/npm-red/process-nextick-args/-/process-nextick-args-2.0.1.tgz#7820d9b16120cc55ca9ae7792680ae7dba6d7fe2"
  integrity sha1-eCDZsWEgzFXKmud5JoCufbptf+I=

pump@^3.0.0:
  version "3.0.0"
  resolved "https://spring.jfrog.io/spring/api/npm/npm-red/pump/-/pump-3.0.0.tgz#b4a2116815bde2f4e1ea602354e8c75565107a64"
  integrity sha1-tKIRaBW94vTh6mAjVOjHVWUQemQ=
  dependencies:
    end-of-stream "^1.1.0"
    once "^1.3.1"

read-pkg@^3.0.0:
  version "3.0.0"
  resolved "https://spring.jfrog.io/spring/api/npm/npm-red/read-pkg/-/read-pkg-3.0.0.tgz#9cbc686978fee65d16c00e2b19c237fcf6e38389"
  integrity sha1-nLxoaXj+5l0WwA4rGcI3/Pbjg4k=
  dependencies:
    load-json-file "^4.0.0"
    normalize-package-data "^2.3.2"
    path-type "^3.0.0"

read-pkg@^5.1.1:
  version "5.2.0"
  resolved "https://spring.jfrog.io/spring/api/npm/npm-red/read-pkg/-/read-pkg-5.2.0.tgz#7bf295438ca5a33e56cd30e053b34ee7250c93cc"
  integrity sha1-e/KVQ4yloz5WzTDgU7NO5yUMk8w=
  dependencies:
    "@types/normalize-package-data" "^2.4.0"
    normalize-package-data "^2.5.0"
    parse-json "^5.0.0"
    type-fest "^0.6.0"

readable-stream@^2.0.1:
  version "2.3.6"
  resolved "https://spring.jfrog.io/spring/api/npm/npm-red/readable-stream/-/readable-stream-2.3.6.tgz#b11c27d88b8ff1fbe070643cf94b0c79ae1b0aaf"
  integrity sha1-sRwn2IuP8fvgcGQ8+UsMea4bCq8=
  dependencies:
    core-util-is "~1.0.0"
    inherits "~2.0.3"
    isarray "~1.0.0"
    process-nextick-args "~2.0.0"
    safe-buffer "~5.1.1"
    string_decoder "~1.1.1"
    util-deprecate "~1.0.1"

resolve-from@^3.0.0:
  version "3.0.0"
  resolved "https://spring.jfrog.io/spring/api/npm/npm-red/resolve-from/-/resolve-from-3.0.0.tgz#b22c7af7d9d6881bc8b6e653335eebcb0a188748"
  integrity sha1-six699nWiBvItuZTM17rywoYh0g=

resolve@1.11.1:
  version "1.11.1"
  resolved "https://spring.jfrog.io/spring/api/npm/npm-red/resolve/-/resolve-1.11.1.tgz#ea10d8110376982fef578df8fc30b9ac30a07a3e"
  integrity sha1-6hDYEQN2mC/vV434/DC5rDCgej4=
  dependencies:
    path-parse "^1.0.6"

resolve@^1.10.0, resolve@^1.11.0, resolve@^1.11.1:
  version "1.12.0"
  resolved "https://spring.jfrog.io/spring/api/npm/npm-red/resolve/-/resolve-1.12.0.tgz#3fc644a35c84a48554609ff26ec52b66fa577df6"
  integrity sha1-P8ZEo1yEpIVUYJ/ybsUrZvpXffY=
  dependencies:
    path-parse "^1.0.6"

reusify@^1.0.0:
  version "1.0.4"
  resolved "https://spring.jfrog.io/spring/api/npm/npm-red/reusify/-/reusify-1.0.4.tgz#90da382b1e126efc02146e90845a88db12925d76"
  integrity sha1-kNo4Kx4SbvwCFG6QhFqI2xKSXXY=

rollup-plugin-auto-external@2.0.0:
  version "2.0.0"
  resolved "https://spring.jfrog.io/spring/api/npm/npm-red/rollup-plugin-auto-external/-/rollup-plugin-auto-external-2.0.0.tgz#98fd137d66c1cbe0f4e245b31560a72dbde896aa"
  integrity sha1-mP0TfWbBy+D04kWzFWCnLb3olqo=
  dependencies:
    builtins "^2.0.0"
    read-pkg "^3.0.0"
    safe-resolve "^1.0.0"
    semver "^5.5.0"

rollup-plugin-commonjs@10.0.1:
  version "10.0.1"
  resolved "https://spring.jfrog.io/spring/api/npm/npm-red/rollup-plugin-commonjs/-/rollup-plugin-commonjs-10.0.1.tgz#fbfcadf4ce2e826068e056a9f5c19287d9744ddf"
  integrity sha1-+/yt9M4ugmBo4Fap9cGSh9l0Td8=
  dependencies:
    estree-walker "^0.6.1"
    is-reference "^1.1.2"
    magic-string "^0.25.2"
    resolve "^1.11.0"
    rollup-pluginutils "^2.8.1"

rollup-plugin-copy@3.1.0:
  version "3.1.0"
  resolved "https://spring.jfrog.io/spring/api/npm/npm-red/rollup-plugin-copy/-/rollup-plugin-copy-3.1.0.tgz#435589857f4e346ea63fc137d99dcc1b25f51c3b"
  integrity sha1-Q1WJhX9ONG6mP8E32Z3MGyX1HDs=
  dependencies:
    "@types/fs-extra" "^8.0.0"
    colorette "^1.1.0"
    fs-extra "^8.1.0"
    globby "10.0.1"
    is-plain-object "^3.0.0"

rollup-plugin-node-resolve@5.2.0:
  version "5.2.0"
  resolved "https://spring.jfrog.io/spring/api/npm/npm-red/rollup-plugin-node-resolve/-/rollup-plugin-node-resolve-5.2.0.tgz#730f93d10ed202473b1fb54a5997a7db8c6d8523"
  integrity sha1-cw+T0Q7SAkc7H7VKWZen24xthSM=
  dependencies:
    "@types/resolve" "0.0.8"
    builtin-modules "^3.1.0"
    is-module "^1.0.0"
    resolve "^1.11.1"
    rollup-pluginutils "^2.8.1"

rollup-plugin-terser@5.1.1:
  version "5.1.1"
  resolved "https://spring.jfrog.io/spring/api/npm/npm-red/rollup-plugin-terser/-/rollup-plugin-terser-5.1.1.tgz#e9d2545ec8d467f96ba99b9216d2285aad8d5b66"
  integrity sha1-6dJUXsjUZ/lrqZuSFtIoWq2NW2Y=
  dependencies:
    "@babel/code-frame" "^7.0.0"
    jest-worker "^24.6.0"
    rollup-pluginutils "^2.8.1"
    serialize-javascript "^1.7.0"
    terser "^4.1.0"

rollup-plugin-typescript2@0.22.0:
  version "0.22.0"
  resolved "https://spring.jfrog.io/spring/api/npm/npm-red/rollup-plugin-typescript2/-/rollup-plugin-typescript2-0.22.0.tgz#07bbcc3b24fe01125310ab5a6b9c993e8a6fed5e"
  integrity sha1-B7vMOyT+ARJTEKtaa5yZPopv7V4=
  dependencies:
    fs-extra "8.1.0"
    resolve "1.11.1"
    rollup-pluginutils "2.8.1"
    tslib "1.10.0"

rollup-pluginutils@2.8.1, rollup-pluginutils@^2.8.1:
  version "2.8.1"
  resolved "https://spring.jfrog.io/spring/api/npm/npm-red/rollup-pluginutils/-/rollup-pluginutils-2.8.1.tgz#8fa6dd0697344938ef26c2c09d2488ce9e33ce97"
  integrity sha1-j6bdBpc0STjvJsLAnSSIzp4zzpc=
  dependencies:
    estree-walker "^0.6.1"

rollup@1.17.0:
  version "1.17.0"
  resolved "https://spring.jfrog.io/spring/api/npm/npm-red/rollup/-/rollup-1.17.0.tgz#47ee8b04514544fc93b39bae06271244c8db7dfa"
  integrity sha1-R+6LBFFFRPyTs5uuBicSRMjbffo=
  dependencies:
    "@types/estree" "0.0.39"
    "@types/node" "^12.6.2"
    acorn "^6.2.0"

run-node@^1.0.0:
  version "1.0.0"
  resolved "https://spring.jfrog.io/spring/api/npm/npm-red/run-node/-/run-node-1.0.0.tgz#46b50b946a2aa2d4947ae1d886e9856fd9cabe5e"
  integrity sha1-RrULlGoqotSUeuHYhumFb9nKvl4=

run-parallel@^1.1.9:
  version "1.1.9"
  resolved "https://spring.jfrog.io/spring/api/npm/npm-red/run-parallel/-/run-parallel-1.1.9.tgz#c9dd3a7cf9f4b2c4b6244e173a6ed866e61dd679"
  integrity sha1-yd06fPn0ssS2JE4XOm7YZuYd1nk=

safe-buffer@~5.1.0, safe-buffer@~5.1.1:
  version "5.1.2"
  resolved "https://spring.jfrog.io/spring/api/npm/npm-red/safe-buffer/-/safe-buffer-5.1.2.tgz#991ec69d296e0313747d59bdfd2b745c35f8828d"
  integrity sha1-mR7GnSluAxN0fVm9/St0XDX4go0=

safe-resolve@^1.0.0:
  version "1.0.0"
  resolved "https://spring.jfrog.io/spring/api/npm/npm-red/safe-resolve/-/safe-resolve-1.0.0.tgz#fe34f8d29d7a3becfd249d0aa8a799b5c3cf6559"
  integrity sha1-/jT40p16O+z9JJ0KqKeZtcPPZVk=

semver-compare@^1.0.0:
  version "1.0.0"
  resolved "https://spring.jfrog.io/spring/api/npm/npm-red/semver-compare/-/semver-compare-1.0.0.tgz#0dee216a1c941ab37e9efb1788f6afc5ff5537fc"
  integrity sha1-De4hahyUGrN+nvsXiPavxf9VN/w=

"semver@2 || 3 || 4 || 5", semver@^5.5.0:
  version "5.7.0"
  resolved "https://spring.jfrog.io/spring/api/npm/npm-red/semver/-/semver-5.7.0.tgz#790a7cf6fea5459bac96110b29b60412dc8ff96b"
  integrity sha1-eQp89v6lRZuslhELKbYEEtyP+Ws=

semver@^6.0.0:
  version "6.3.0"
  resolved "https://spring.jfrog.io/spring/api/npm/npm-red/semver/-/semver-6.3.0.tgz#ee0a64c8af5e8ceea67687b133761e1becbd1d3d"
  integrity sha1-7gpkyK9ejO6mdoexM3YeG+y9HT0=

serialize-javascript@^1.7.0:
  version "1.7.0"
  resolved "https://spring.jfrog.io/spring/api/npm/npm-red/serialize-javascript/-/serialize-javascript-1.7.0.tgz#d6e0dfb2a3832a8c94468e6eb1db97e55a192a65"
  integrity sha1-1uDfsqODKoyURo5usduX5VoZKmU=

shebang-command@^1.2.0:
  version "1.2.0"
  resolved "https://spring.jfrog.io/spring/api/npm/npm-red/shebang-command/-/shebang-command-1.2.0.tgz#44aac65b695b03398968c39f363fee5deafdf1ea"
  integrity sha1-RKrGW2lbAzmJaMOfNj/uXer98eo=
  dependencies:
    shebang-regex "^1.0.0"

shebang-regex@^1.0.0:
  version "1.0.0"
  resolved "https://spring.jfrog.io/spring/api/npm/npm-red/shebang-regex/-/shebang-regex-1.0.0.tgz#da42f49740c0b42db2ca9728571cb190c98efea3"
  integrity sha1-2kL0l0DAtC2yypcoVxyxkMmO/qM=

signal-exit@^3.0.0:
  version "3.0.2"
  resolved "https://spring.jfrog.io/spring/api/npm/npm-red/signal-exit/-/signal-exit-3.0.2.tgz#b5fdc08f1287ea1178628e415e25132b73646c6d"
  integrity sha1-tf3AjxKH6hF4Yo5BXiUTK3NkbG0=

slash@^3.0.0:
  version "3.0.0"
  resolved "https://spring.jfrog.io/spring/api/npm/npm-red/slash/-/slash-3.0.0.tgz#6539be870c165adbd5240220dbe361f1bc4d4634"
  integrity sha1-ZTm+hwwWWtvVJAIg2+Nh8bxNRjQ=

source-map-support@^0.5.6, source-map-support@~0.5.12:
  version "0.5.13"
  resolved "https://spring.jfrog.io/spring/api/npm/npm-red/source-map-support/-/source-map-support-0.5.13.tgz#31b24a9c2e73c2de85066c0feb7d44767ed52932"
  integrity sha1-MbJKnC5zwt6FBmwP631Edn7VKTI=
  dependencies:
    buffer-from "^1.0.0"
    source-map "^0.6.0"

source-map@^0.6.0, source-map@~0.6.1:
  version "0.6.1"
  resolved "https://spring.jfrog.io/spring/api/npm/npm-red/source-map/-/source-map-0.6.1.tgz#74722af32e9614e9c287a8d0bbde48b5e2f1a263"
  integrity sha1-dHIq8y6WFOnCh6jQu95IteLxomM=

sourcemap-codec@^1.4.4:
  version "1.4.6"
  resolved "https://spring.jfrog.io/spring/api/npm/npm-red/sourcemap-codec/-/sourcemap-codec-1.4.6.tgz#e30a74f0402bad09807640d39e971090a08ce1e9"
  integrity sha1-4wp08EArrQmAdkDTnpcQkKCM4ek=

spdx-correct@^3.0.0:
  version "3.1.0"
  resolved "https://spring.jfrog.io/spring/api/npm/npm-red/spdx-correct/-/spdx-correct-3.1.0.tgz#fb83e504445268f154b074e218c87c003cd31df4"
  integrity sha1-+4PlBERSaPFUsHTiGMh8ADzTHfQ=
  dependencies:
    spdx-expression-parse "^3.0.0"
    spdx-license-ids "^3.0.0"

spdx-exceptions@^2.1.0:
  version "2.2.0"
  resolved "https://spring.jfrog.io/spring/api/npm/npm-red/spdx-exceptions/-/spdx-exceptions-2.2.0.tgz#2ea450aee74f2a89bfb94519c07fcd6f41322977"
  integrity sha1-LqRQrudPKom/uUUZwH/Nb0EyKXc=

spdx-expression-parse@^3.0.0:
  version "3.0.0"
  resolved "https://spring.jfrog.io/spring/api/npm/npm-red/spdx-expression-parse/-/spdx-expression-parse-3.0.0.tgz#99e119b7a5da00e05491c9fa338b7904823b41d0"
  integrity sha1-meEZt6XaAOBUkcn6M4t5BII7QdA=
  dependencies:
    spdx-exceptions "^2.1.0"
    spdx-license-ids "^3.0.0"

spdx-license-ids@^3.0.0:
  version "3.0.5"
  resolved "https://spring.jfrog.io/spring/api/npm/npm-red/spdx-license-ids/-/spdx-license-ids-3.0.5.tgz#3694b5804567a458d3c8045842a6358632f62654"
  integrity sha1-NpS1gEVnpFjTyARYQqY1hjL2JlQ=

sprintf-js@~1.0.2:
  version "1.0.3"
  resolved "https://spring.jfrog.io/spring/api/npm/npm-red/sprintf-js/-/sprintf-js-1.0.3.tgz#04e6926f662895354f3dd015203633b857297e2c"
  integrity sha1-BOaSb2YolTVPPdAVIDYzuFcpfiw=

string_decoder@~1.1.1:
  version "1.1.1"
  resolved "https://spring.jfrog.io/spring/api/npm/npm-red/string_decoder/-/string_decoder-1.1.1.tgz#9cf1611ba62685d7030ae9e4ba34149c3af03fc8"
  integrity sha1-nPFhG6YmhdcDCunkujQUnDrwP8g=
  dependencies:
    safe-buffer "~5.1.0"

strip-bom@^3.0.0:
  version "3.0.0"
  resolved "https://spring.jfrog.io/spring/api/npm/npm-red/strip-bom/-/strip-bom-3.0.0.tgz#2334c18e9c759f7bdd56fdef7e9ae3d588e68ed3"
  integrity sha1-IzTBjpx1n3vdVv3vfprj1YjmjtM=

strip-eof@^1.0.0:
  version "1.0.0"
  resolved "https://spring.jfrog.io/spring/api/npm/npm-red/strip-eof/-/strip-eof-1.0.0.tgz#bb43ff5598a6eb05d89b59fcd129c983313606bf"
  integrity sha1-u0P/VZim6wXYm1n80SnJgzE2Br8=

supports-color@^5.3.0:
  version "5.5.0"
  resolved "https://spring.jfrog.io/spring/api/npm/npm-red/supports-color/-/supports-color-5.5.0.tgz#e2e69a44ac8772f78a1ec0b35b689df6530efc8f"
  integrity sha1-4uaaRKyHcveKHsCzW2id9lMO/I8=
  dependencies:
    has-flag "^3.0.0"

supports-color@^6.1.0:
  version "6.1.0"
  resolved "https://spring.jfrog.io/spring/api/npm/npm-red/supports-color/-/supports-color-6.1.0.tgz#0764abc69c63d5ac842dd4867e8d025e880df8f3"
  integrity sha1-B2Srxpxj1ayELdSGfo0CXogN+PM=
  dependencies:
    has-flag "^3.0.0"

terser@^4.1.0:
  version "4.1.2"
  resolved "https://spring.jfrog.io/spring/api/npm/npm-red/terser/-/terser-4.1.2.tgz#b2656c8a506f7ce805a3f300a2ff48db022fa391"
  integrity sha1-smVsilBvfOgFo/MAov9I2wIvo5E=
  dependencies:
    commander "^2.20.0"
    source-map "~0.6.1"
    source-map-support "~0.5.12"

to-regex-range@^5.0.1:
  version "5.0.1"
  resolved "https://spring.jfrog.io/spring/api/npm/npm-red/to-regex-range/-/to-regex-range-5.0.1.tgz#1648c44aae7c8d988a326018ed72f5b4dd0392e4"
  integrity sha1-FkjESq58jZiKMmAY7XL1tN0DkuQ=
  dependencies:
    is-number "^7.0.0"

ts-node@8.3.0:
  version "8.3.0"
  resolved "https://spring.jfrog.io/spring/api/npm/npm-red/ts-node/-/ts-node-8.3.0.tgz#e4059618411371924a1fb5f3b125915f324efb57"
  integrity sha1-5AWWGEETcZJKH7XzsSWRXzJO+1c=
  dependencies:
    arg "^4.1.0"
    diff "^4.0.1"
    make-error "^1.1.1"
    source-map-support "^0.5.6"
    yn "^3.0.0"

tslib@1.10.0:
  version "1.10.0"
  resolved "https://spring.jfrog.io/spring/api/npm/npm-red/tslib/-/tslib-1.10.0.tgz#c3c19f95973fb0a62973fb09d90d961ee43e5c8a"
  integrity sha1-w8GflZc/sKYpc/sJ2Q2WHuQ+XIo=

type-fest@^0.6.0:
  version "0.6.0"
  resolved "https://spring.jfrog.io/spring/api/npm/npm-red/type-fest/-/type-fest-0.6.0.tgz#8d2a2370d3df886eb5c90ada1c5bf6188acf838b"
  integrity sha1-jSojcNPfiG61yQraHFv2GIrPg4s=

typescript@3.5.3:
  version "3.5.3"
  resolved "https://spring.jfrog.io/spring/api/npm/npm-red/typescript/-/typescript-3.5.3.tgz#c830f657f93f1ea846819e929092f5fe5983e977"
  integrity sha1-yDD2V/k/HqhGgZ6SkJL1/lmD6Xc=

universalify@^0.1.0:
  version "0.1.2"
  resolved "https://spring.jfrog.io/spring/api/npm/npm-red/universalify/-/universalify-0.1.2.tgz#b646f69be3942dabcecc9d6639c80dc105efaa66"
  integrity sha1-tkb2m+OULavOzJ1mOcgNwQXvqmY=

util-deprecate@~1.0.1:
  version "1.0.2"
  resolved "https://spring.jfrog.io/spring/api/npm/npm-red/util-deprecate/-/util-deprecate-1.0.2.tgz#450d4dc9fa70de732762fbd2d4a28981419a0ccf"
  integrity sha1-RQ1Nyfpw3nMnYvvS1KKJgUGaDM8=

validate-npm-package-license@^3.0.1:
  version "3.0.4"
  resolved "https://spring.jfrog.io/spring/api/npm/npm-red/validate-npm-package-license/-/validate-npm-package-license-3.0.4.tgz#fc91f6b9c7ba15c857f4cb2c5defeec39d4f410a"
  integrity sha1-/JH2uce6FchX9MssXe/uw51PQQo=
  dependencies:
    spdx-correct "^3.0.0"
    spdx-expression-parse "^3.0.0"

which@^1.2.9:
  version "1.3.1"
  resolved "https://spring.jfrog.io/spring/api/npm/npm-red/which/-/which-1.3.1.tgz#a45043d54f5805316da8d62f9f50918d3da70b0a"
  integrity sha1-pFBD1U9YBTFtqNYvn1CRjT2nCwo=
  dependencies:
    isexe "^2.0.0"

wrappy@1:
  version "1.0.2"
  resolved "https://spring.jfrog.io/spring/api/npm/npm-red/wrappy/-/wrappy-1.0.2.tgz#b5243d8f3ec1aa35f1364605bc0d1036e30ab69f"
  integrity sha1-tSQ9jz7BqjXxNkYFvA0QNuMKtp8=

yn@^3.0.0:
  version "3.1.1"
  resolved "https://spring.jfrog.io/spring/api/npm/npm-red/yn/-/yn-3.1.1.tgz#1e87401a09d767c1d5eab26a6e4c185182d2eb50"
  integrity sha1-HodAGgnXZ8HV6rJqbkwYUYLS61A=
